
Microsoft Visual Studio Solution File, Format Version 12.00
# Visual Studio Version 17
VisualStudioVersion = 17.0.31903.59
MinimumVisualStudioVersion = 10.0.40219.1
Project("{2150E333-8FDC-42A3-9474-1A3956D46DE8}") = "src", "src", "{827E0CD3-B72D-47B6-A68D-7590B98EB39B}"
EndProject
Project("{FAE04EC0-301F-11D3-BF4B-00C04F79EFBC}") = "UpgradeScan.Core", "src\UpgradeScan.Core\UpgradeScan.Core.csproj", "{1DF21DEE-A074-45AC-A6AC-8D05F93A18C9}"
EndProject
Project("{FAE04EC0-301F-11D3-BF4B-00C04F79EFBC}") = "UpgradeScan.Analysis", "src\UpgradeScan.Analysis\UpgradeScan.Analysis.csproj", "{F665CAF5-9B6D-442B-859E-DAF8BA8FDA17}"
EndProject
Project("{FAE04EC0-301F-11D3-BF4B-00C04F79EFBC}") = "UpgradeScan.Reporting", "src\UpgradeScan.Reporting\UpgradeScan.Reporting.csproj", "{747FFE2C-B389-42C6-A3BD-E1B37B1092A7}"
EndProject
Project("{FAE04EC0-301F-11D3-BF4B-00C04F79EFBC}") = "UpgradeScan.Cli", "src\UpgradeScan.Cli\UpgradeScan.Cli.csproj", "{C52FF96B-AA01-473D-A312-9D9243B5335C}"
EndProject
Project("{2150E333-8FDC-42A3-9474-1A3956D46DE8}") = "tests", "tests", "{0AB3BF05-4346-4AA6-1389-037BE0695223}"
EndProject
Project("{FAE04EC0-301F-11D3-BF4B-00C04F79EFBC}") = "UpgradeScan.Core.Tests", "tests\UpgradeScan.Core.Tests\UpgradeScan.Core.Tests.csproj", "{E097DC1C-856F-40BA-801C-FE674639CC76}"
EndProject
Project("{FAE04EC0-301F-11D3-BF4B-00C04F79EFBC}") = "UpgradeScan.Analysis.Tests", "tests\UpgradeScan.Analysis.Tests\UpgradeScan.Analysis.Tests.csproj", "{C06DF010-61E9-4619-91F1-A0F445DBAEDA}"
EndProject
Project("{FAE04EC0-301F-11D3-BF4B-00C04F79EFBC}") = "UpgradeScan.Reporting.Tests", "tests\UpgradeScan.Reporting.Tests\UpgradeScan.Reporting.Tests.csproj", "{01A2E928-7071-4F35-BA32-7FEDA1051E16}"
EndProject
Project("{FAE04EC0-301F-11D3-BF4B-00C04F79EFBC}") = "UpgradeScan.Rules", "src\UpgradeScan.Rules\UpgradeScan.Rules.csproj", "{47021F2E-194F-4FA2-976E-BA2832524874}"
EndProject
Project("{FAE04EC0-301F-11D3-BF4B-00C04F79EFBC}") = "UpgradeScan.Rules.Tests", "tests\UpgradeScan.Rules.Tests\UpgradeScan.Rules.Tests.csproj", "{D4C012A6-F254-4F0D-ABC4-3C7DB5996FBE}"
EndProject
Project("{FAE04EC0-301F-11D3-BF4B-00C04F79EFBC}") = "UpgradeScan.Cli.Tests", "tests\UpgradeScan.Cli.Tests\UpgradeScan.Cli.Tests.csproj", "{10B8B3A8-BE21-40CB-82EA-C8415376B16F}"
EndProject
Project("{FAE04EC0-301F-11D3-BF4B-00C04F79EFBC}") = "UpgradeScan.IntegrationTests", "tests\UpgradeScan.IntegrationTests\UpgradeScan.IntegrationTests.csproj", "{054A55FA-6D8F-4E38-982A-5F03EDCE056E}"
EndProject
Global
	GlobalSection(SolutionConfigurationPlatforms) = preSolution
		Debug|Any CPU = Debug|Any CPU
		Debug|x64 = Debug|x64
		Debug|x86 = Debug|x86
		Release|Any CPU = Release|Any CPU
		Release|x64 = Release|x64
		Release|x86 = Release|x86
	EndGlobalSection
	GlobalSection(ProjectConfigurationPlatforms) = postSolution
		{1DF21DEE-A074-45AC-A6AC-8D05F93A18C9}.Debug|Any CPU.ActiveCfg = Debug|Any CPU
		{1DF21DEE-A074-45AC-A6AC-8D05F93A18C9}.Debug|Any CPU.Build.0 = Debug|Any CPU
		{1DF21DEE-A074-45AC-A6AC-8D05F93A18C9}.Debug|x64.ActiveCfg = Debug|Any CPU
		{1DF21DEE-A074-45AC-A6AC-8D05F93A18C9}.Debug|x64.Build.0 = Debug|Any CPU
		{1DF21DEE-A074-45AC-A6AC-8D05F93A18C9}.Debug|x86.ActiveCfg = Debug|Any CPU
		{1DF21DEE-A074-45AC-A6AC-8D05F93A18C9}.Debug|x86.Build.0 = Debug|Any CPU
		{1DF21DEE-A074-45AC-A6AC-8D05F93A18C9}.Release|Any CPU.ActiveCfg = Release|Any CPU
		{1DF21DEE-A074-45AC-A6AC-8D05F93A18C9}.Release|Any CPU.Build.0 = Release|Any CPU
		{1DF21DEE-A074-45AC-A6AC-8D05F93A18C9}.Release|x64.ActiveCfg = Release|Any CPU
		{1DF21DEE-A074-45AC-A6AC-8D05F93A18C9}.Release|x64.Build.0 = Release|Any CPU
		{1DF21DEE-A074-45AC-A6AC-8D05F93A18C9}.Release|x86.ActiveCfg = Release|Any CPU
		{1DF21DEE-A074-45AC-A6AC-8D05F93A18C9}.Release|x86.Build.0 = Release|Any CPU
		{F665CAF5-9B6D-442B-859E-DAF8BA8FDA17}.Debug|Any CPU.ActiveCfg = Debug|Any CPU
		{F665CAF5-9B6D-442B-859E-DAF8BA8FDA17}.Debug|Any CPU.Build.0 = Debug|Any CPU
		{F665CAF5-9B6D-442B-859E-DAF8BA8FDA17}.Debug|x64.ActiveCfg = Debug|Any CPU
		{F665CAF5-9B6D-442B-859E-DAF8BA8FDA17}.Debug|x64.Build.0 = Debug|Any CPU
		{F665CAF5-9B6D-442B-859E-DAF8BA8FDA17}.Debug|x86.ActiveCfg = Debug|Any CPU
		{F665CAF5-9B6D-442B-859E-DAF8BA8FDA17}.Debug|x86.Build.0 = Debug|Any CPU
		{F665CAF5-9B6D-442B-859E-DAF8BA8FDA17}.Release|Any CPU.ActiveCfg = Release|Any CPU
		{F665CAF5-9B6D-442B-859E-DAF8BA8FDA17}.Release|Any CPU.Build.0 = Release|Any CPU
		{F665CAF5-9B6D-442B-859E-DAF8BA8FDA17}.Release|x64.ActiveCfg = Release|Any CPU
		{F665CAF5-9B6D-442B-859E-DAF8BA8FDA17}.Release|x64.Build.0 = Release|Any CPU
		{F665CAF5-9B6D-442B-859E-DAF8BA8FDA17}.Release|x86.ActiveCfg = Release|Any CPU
		{F665CAF5-9B6D-442B-859E-DAF8BA8FDA17}.Release|x86.Build.0 = Release|Any CPU
		{747FFE2C-B389-42C6-A3BD-E1B37B1092A7}.Debug|Any CPU.ActiveCfg = Debug|Any CPU
		{747FFE2C-B389-42C6-A3BD-E1B37B1092A7}.Debug|Any CPU.Build.0 = Debug|Any CPU
		{747FFE2C-B389-42C6-A3BD-E1B37B1092A7}.Debug|x64.ActiveCfg = Debug|Any CPU
		{747FFE2C-B389-42C6-A3BD-E1B37B1092A7}.Debug|x64.Build.0 = Debug|Any CPU
		{747FFE2C-B389-42C6-A3BD-E1B37B1092A7}.Debug|x86.ActiveCfg = Debug|Any CPU
		{747FFE2C-B389-42C6-A3BD-E1B37B1092A7}.Debug|x86.Build.0 = Debug|Any CPU
		{747FFE2C-B389-42C6-A3BD-E1B37B1092A7}.Release|Any CPU.ActiveCfg = Release|Any CPU
		{747FFE2C-B389-42C6-A3BD-E1B37B1092A7}.Release|Any CPU.Build.0 = Release|Any CPU
		{747FFE2C-B389-42C6-A3BD-E1B37B1092A7}.Release|x64.ActiveCfg = Release|Any CPU
		{747FFE2C-B389-42C6-A3BD-E1B37B1092A7}.Release|x64.Build.0 = Release|Any CPU
		{747FFE2C-B389-42C6-A3BD-E1B37B1092A7}.Release|x86.ActiveCfg = Release|Any CPU
		{747FFE2C-B389-42C6-A3BD-E1B37B1092A7}.Release|x86.Build.0 = Release|Any CPU
		{C52FF96B-AA01-473D-A312-9D9243B5335C}.Debug|Any CPU.ActiveCfg = Debug|Any CPU
		{C52FF96B-AA01-473D-A312-9D9243B5335C}.Debug|Any CPU.Build.0 = Debug|Any CPU
		{C52FF96B-AA01-473D-A312-9D9243B5335C}.Debug|x64.ActiveCfg = Debug|Any CPU
		{C52FF96B-AA01-473D-A312-9D9243B5335C}.Debug|x64.Build.0 = Debug|Any CPU
		{C52FF96B-AA01-473D-A312-9D9243B5335C}.Debug|x86.ActiveCfg = Debug|Any CPU
		{C52FF96B-AA01-473D-A312-9D9243B5335C}.Debug|x86.Build.0 = Debug|Any CPU
		{C52FF96B-AA01-473D-A312-9D9243B5335C}.Release|Any CPU.ActiveCfg = Release|Any CPU
		{C52FF96B-AA01-473D-A312-9D9243B5335C}.Release|Any CPU.Build.0 = Release|Any CPU
		{C52FF96B-AA01-473D-A312-9D9243B5335C}.Release|x64.ActiveCfg = Release|Any CPU
		{C52FF96B-AA01-473D-A312-9D9243B5335C}.Release|x64.Build.0 = Release|Any CPU
		{C52FF96B-AA01-473D-A312-9D9243B5335C}.Release|x86.ActiveCfg = Release|Any CPU
		{C52FF96B-AA01-473D-A312-9D9243B5335C}.Release|x86.Build.0 = Release|Any CPU
		{E097DC1C-856F-40BA-801C-FE674639CC76}.Debug|Any CPU.ActiveCfg = Debug|Any CPU
		{E097DC1C-856F-40BA-801C-FE674639CC76}.Debug|Any CPU.Build.0 = Debug|Any CPU
		{E097DC1C-856F-40BA-801C-FE674639CC76}.Debug|x64.ActiveCfg = Debug|Any CPU
		{E097DC1C-856F-40BA-801C-FE674639CC76}.Debug|x64.Build.0 = Debug|Any CPU
		{E097DC1C-856F-40BA-801C-FE674639CC76}.Debug|x86.ActiveCfg = Debug|Any CPU
		{E097DC1C-856F-40BA-801C-FE674639CC76}.Debug|x86.Build.0 = Debug|Any CPU
		{E097DC1C-856F-40BA-801C-FE674639CC76}.Release|Any CPU.ActiveCfg = Release|Any CPU
		{E097DC1C-856F-40BA-801C-FE674639CC76}.Release|Any CPU.Build.0 = Release|Any CPU
		{E097DC1C-856F-40BA-801C-FE674639CC76}.Release|x64.ActiveCfg = Release|Any CPU
		{E097DC1C-856F-40BA-801C-FE674639CC76}.Release|x64.Build.0 = Release|Any CPU
		{E097DC1C-856F-40BA-801C-FE674639CC76}.Release|x86.ActiveCfg = Release|Any CPU
		{E097DC1C-856F-40BA-801C-FE674639CC76}.Release|x86.Build.0 = Release|Any CPU
		{C06DF010-61E9-4619-91F1-A0F445DBAEDA}.Debug|Any CPU.ActiveCfg = Debug|Any CPU
		{C06DF010-61E9-4619-91F1-A0F445DBAEDA}.Debug|Any CPU.Build.0 = Debug|Any CPU
		{C06DF010-61E9-4619-91F1-A0F445DBAEDA}.Debug|x64.ActiveCfg = Debug|Any CPU
		{C06DF010-61E9-4619-91F1-A0F445DBAEDA}.Debug|x64.Build.0 = Debug|Any CPU
		{C06DF010-61E9-4619-91F1-A0F445DBAEDA}.Debug|x86.ActiveCfg = Debug|Any CPU
		{C06DF010-61E9-4619-91F1-A0F445DBAEDA}.Debug|x86.Build.0 = Debug|Any CPU
		{C06DF010-61E9-4619-91F1-A0F445DBAEDA}.Release|Any CPU.ActiveCfg = Release|Any CPU
		{C06DF010-61E9-4619-91F1-A0F445DBAEDA}.Release|Any CPU.Build.0 = Release|Any CPU
		{C06DF010-61E9-4619-91F1-A0F445DBAEDA}.Release|x64.ActiveCfg = Release|Any CPU
		{C06DF010-61E9-4619-91F1-A0F445DBAEDA}.Release|x64.Build.0 = Release|Any CPU
		{C06DF010-61E9-4619-91F1-A0F445DBAEDA}.Release|x86.ActiveCfg = Release|Any CPU
		{C06DF010-61E9-4619-91F1-A0F445DBAEDA}.Release|x86.Build.0 = Release|Any CPU
		{01A2E928-7071-4F35-BA32-7FEDA1051E16}.Debug|Any CPU.ActiveCfg = Debug|Any CPU
		{01A2E928-7071-4F35-BA32-7FEDA1051E16}.Debug|Any CPU.Build.0 = Debug|Any CPU
		{01A2E928-7071-4F35-BA32-7FEDA1051E16}.Debug|x64.ActiveCfg = Debug|Any CPU
		{01A2E928-7071-4F35-BA32-7FEDA1051E16}.Debug|x64.Build.0 = Debug|Any CPU
		{01A2E928-7071-4F35-BA32-7FEDA1051E16}.Debug|x86.ActiveCfg = Debug|Any CPU
		{01A2E928-7071-4F35-BA32-7FEDA1051E16}.Debug|x86.Build.0 = Debug|Any CPU
		{01A2E928-7071-4F35-BA32-7FEDA1051E16}.Release|Any CPU.ActiveCfg = Release|Any CPU
		{01A2E928-7071-4F35-BA32-7FEDA1051E16}.Release|Any CPU.Build.0 = Release|Any CPU
		{01A2E928-7071-4F35-BA32-7FEDA1051E16}.Release|x64.ActiveCfg = Release|Any CPU
		{01A2E928-7071-4F35-BA32-7FEDA1051E16}.Release|x64.Build.0 = Release|Any CPU
		{01A2E928-7071-4F35-BA32-7FEDA1051E16}.Release|x86.ActiveCfg = Release|Any CPU
		{01A2E928-7071-4F35-BA32-7FEDA1051E16}.Release|x86.Build.0 = Release|Any CPU
		{47021F2E-194F-4FA2-976E-BA2832524874}.Debug|Any CPU.ActiveCfg = Debug|Any CPU
		{47021F2E-194F-4FA2-976E-BA2832524874}.Debug|Any CPU.Build.0 = Debug|Any CPU
		{47021F2E-194F-4FA2-976E-BA2832524874}.Debug|x64.ActiveCfg = Debug|Any CPU
		{47021F2E-194F-4FA2-976E-BA2832524874}.Debug|x64.Build.0 = Debug|Any CPU
		{47021F2E-194F-4FA2-976E-BA2832524874}.Debug|x86.ActiveCfg = Debug|Any CPU
		{47021F2E-194F-4FA2-976E-BA2832524874}.Debug|x86.Build.0 = Debug|Any CPU
		{47021F2E-194F-4FA2-976E-BA2832524874}.Release|Any CPU.ActiveCfg = Release|Any CPU
		{47021F2E-194F-4FA2-976E-BA2832524874}.Release|Any CPU.Build.0 = Release|Any CPU
		{47021F2E-194F-4FA2-976E-BA2832524874}.Release|x64.ActiveCfg = Release|Any CPU
		{47021F2E-194F-4FA2-976E-BA2832524874}.Release|x64.Build.0 = Release|Any CPU
		{47021F2E-194F-4FA2-976E-BA2832524874}.Release|x86.ActiveCfg = Release|Any CPU
		{47021F2E-194F-4FA2-976E-BA2832524874}.Release|x86.Build.0 = Release|Any CPU
		{D4C012A6-F254-4F0D-ABC4-3C7DB5996FBE}.Debug|Any CPU.ActiveCfg = Debug|Any CPU
		{D4C012A6-F254-4F0D-ABC4-3C7DB5996FBE}.Debug|Any CPU.Build.0 = Debug|Any CPU
		{D4C012A6-F254-4F0D-ABC4-3C7DB5996FBE}.Debug|x64.ActiveCfg = Debug|Any CPU
		{D4C012A6-F254-4F0D-ABC4-3C7DB5996FBE}.Debug|x64.Build.0 = Debug|Any CPU
		{D4C012A6-F254-4F0D-ABC4-3C7DB5996FBE}.Debug|x86.ActiveCfg = Debug|Any CPU
		{D4C012A6-F254-4F0D-ABC4-3C7DB5996FBE}.Debug|x86.Build.0 = Debug|Any CPU
		{D4C012A6-F254-4F0D-ABC4-3C7DB5996FBE}.Release|Any CPU.ActiveCfg = Release|Any CPU
		{D4C012A6-F254-4F0D-ABC4-3C7DB5996FBE}.Release|Any CPU.Build.0 = Release|Any CPU
		{D4C012A6-F254-4F0D-ABC4-3C7DB5996FBE}.Release|x64.ActiveCfg = Release|Any CPU
		{D4C012A6-F254-4F0D-ABC4-3C7DB5996FBE}.Release|x64.Build.0 = Release|Any CPU
		{D4C012A6-F254-4F0D-ABC4-3C7DB5996FBE}.Release|x86.ActiveCfg = Release|Any CPU
		{D4C012A6-F254-4F0D-ABC4-3C7DB5996FBE}.Release|x86.Build.0 = Release|Any CPU
		{10B8B3A8-BE21-40CB-82EA-C8415376B16F}.Debug|Any CPU.ActiveCfg = Debug|Any CPU
		{10B8B3A8-BE21-40CB-82EA-C8415376B16F}.Debug|Any CPU.Build.0 = Debug|Any CPU
		{10B8B3A8-BE21-40CB-82EA-C8415376B16F}.Debug|x64.ActiveCfg = Debug|Any CPU
		{10B8B3A8-BE21-40CB-82EA-C8415376B16F}.Debug|x64.Build.0 = Debug|Any CPU
		{10B8B3A8-BE21-40CB-82EA-C8415376B16F}.Debug|x86.ActiveCfg = Debug|Any CPU
		{10B8B3A8-BE21-40CB-82EA-C8415376B16F}.Debug|x86.Build.0 = Debug|Any CPU
		{10B8B3A8-BE21-40CB-82EA-C8415376B16F}.Release|Any CPU.ActiveCfg = Release|Any CPU
		{10B8B3A8-BE21-40CB-82EA-C8415376B16F}.Release|Any CPU.Build.0 = Release|Any CPU
		{10B8B3A8-BE21-40CB-82EA-C8415376B16F}.Release|x64.ActiveCfg = Release|Any CPU
		{10B8B3A8-BE21-40CB-82EA-C8415376B16F}.Release|x64.Build.0 = Release|Any CPU
		{10B8B3A8-BE21-40CB-82EA-C8415376B16F}.Release|x86.ActiveCfg = Release|Any CPU
		{10B8B3A8-BE21-40CB-82EA-C8415376B16F}.Release|x86.Build.0 = Release|Any CPU
		{054A55FA-6D8F-4E38-982A-5F03EDCE056E}.Debug|Any CPU.ActiveCfg = Debug|Any CPU
		{054A55FA-6D8F-4E38-982A-5F03EDCE056E}.Debug|Any CPU.Build.0 = Debug|Any CPU
		{054A55FA-6D8F-4E38-982A-5F03EDCE056E}.Debug|x64.ActiveCfg = Debug|Any CPU
		{054A55FA-6D8F-4E38-982A-5F03EDCE056E}.Debug|x64.Build.0 = Debug|Any CPU
		{054A55FA-6D8F-4E38-982A-5F03EDCE056E}.Debug|x86.ActiveCfg = Debug|Any CPU
		{054A55FA-6D8F-4E38-982A-5F03EDCE056E}.Debug|x86.Build.0 = Debug|Any CPU
		{054A55FA-6D8F-4E38-982A-5F03EDCE056E}.Release|Any CPU.ActiveCfg = Release|Any CPU
		{054A55FA-6D8F-4E38-982A-5F03EDCE056E}.Release|Any CPU.Build.0 = Release|Any CPU
		{054A55FA-6D8F-4E38-982A-5F03EDCE056E}.Release|x64.ActiveCfg = Release|Any CPU
		{054A55FA-6D8F-4E38-982A-5F03EDCE056E}.Release|x64.Build.0 = Release|Any CPU
		{054A55FA-6D8F-4E38-982A-5F03EDCE056E}.Release|x86.ActiveCfg = Release|Any CPU
		{054A55FA-6D8F-4E38-982A-5F03EDCE056E}.Release|x86.Build.0 = Release|Any CPU
	EndGlobalSection
	GlobalSection(SolutionProperties) = preSolution
		HideSolutionNode = FALSE
	EndGlobalSection
	GlobalSection(NestedProjects) = preSolution
		{1DF21DEE-A074-45AC-A6AC-8D05F93A18C9} = {827E0CD3-B72D-47B6-A68D-7590B98EB39B}
		{F665CAF5-9B6D-442B-859E-DAF8BA8FDA17} = {827E0CD3-B72D-47B6-A68D-7590B98EB39B}
		{747FFE2C-B389-42C6-A3BD-E1B37B1092A7} = {827E0CD3-B72D-47B6-A68D-7590B98EB39B}
		{C52FF96B-AA01-473D-A312-9D9243B5335C} = {827E0CD3-B72D-47B6-A68D-7590B98EB39B}
		{E097DC1C-856F-40BA-801C-FE674639CC76} = {0AB3BF05-4346-4AA6-1389-037BE0695223}
		{C06DF010-61E9-4619-91F1-A0F445DBAEDA} = {0AB3BF05-4346-4AA6-1389-037BE0695223}
		{01A2E928-7071-4F35-BA32-7FEDA1051E16} = {0AB3BF05-4346-4AA6-1389-037BE0695223}
		{47021F2E-194F-4FA2-976E-BA2832524874} = {827E0CD3-B72D-47B6-A68D-7590B98EB39B}
		{D4C012A6-F254-4F0D-ABC4-3C7DB5996FBE} = {0AB3BF05-4346-4AA6-1389-037BE0695223}
		{10B8B3A8-BE21-40CB-82EA-C8415376B16F} = {0AB3BF05-4346-4AA6-1389-037BE0695223}
		{054A55FA-6D8F-4E38-982A-5F03EDCE056E} = {0AB3BF05-4346-4AA6-1389-037BE0695223}
	EndGlobalSection
EndGlobal
